
Microsoft Visual Studio Solution File, Format Version 12.00
# Visual Studio Version 16
VisualStudioVersion = 16.0.29613.14
MinimumVisualStudioVersion = 10.0.40219.1
Project("{9A19103F-16F7-4668-BE54-9A1E7A4F7556}") = "WpfSamples.UserControlSample", "..\WpfSamples.UserControlSample\WpfSamples.UserControlSample.csproj", "{3EB5A73F-4004-4C3A-8C84-E1B944D9602F}"
EndProject
Project("{FAE04EC0-301F-11D3-BF4B-00C04F79EFBC}") = "WpfSamples.GenericHostSample", "WpfSamples.GenericHostSample\WpfSamples.GenericHostSample.csproj", "{7A2BE796-05AB-4568-A49B-3988C4CD707A}"
EndProject
Project("{FAE04EC0-301F-11D3-BF4B-00C04F79EFBC}") = "WpfSamples.HelloWpfWorld", "WpfSamples.HelloWpfWorld\WpfSamples.HelloWpfWorld.csproj", "{8D6E3769-5E23-4B61-90EF-D8BD92FF0279}"
EndProject
Global
	GlobalSection(SolutionConfigurationPlatforms) = preSolution
		Debug|Any CPU = Debug|Any CPU
		Release|Any CPU = Release|Any CPU
	EndGlobalSection
	GlobalSection(ProjectConfigurationPlatforms) = postSolution
		{3EB5A73F-4004-4C3A-8C84-E1B944D9602F}.Debug|Any CPU.ActiveCfg = Debug|Any CPU
		{3EB5A73F-4004-4C3A-8C84-E1B944D9602F}.Debug|Any CPU.Build.0 = Debug|Any CPU
		{3EB5A73F-4004-4C3A-8C84-E1B944D9602F}.Release|Any CPU.ActiveCfg = Release|Any CPU
		{3EB5A73F-4004-4C3A-8C84-E1B944D9602F}.Release|Any CPU.Build.0 = Release|Any CPU
		{7A2BE796-05AB-4568-A49B-3988C4CD707A}.Debug|Any CPU.ActiveCfg = Debug|Any CPU
		{7A2BE796-05AB-4568-A49B-3988C4CD707A}.Debug|Any CPU.Build.0 = Debug|Any CPU
		{7A2BE796-05AB-4568-A49B-3988C4CD707A}.Release|Any CPU.ActiveCfg = Release|Any CPU
		{7A2BE796-05AB-4568-A49B-3988C4CD707A}.Release|Any CPU.Build.0 = Release|Any CPU
		{8D6E3769-5E23-4B61-90EF-D8BD92FF0279}.Debug|Any CPU.ActiveCfg = Debug|Any CPU
		{8D6E3769-5E23-4B61-90EF-D8BD92FF0279}.Debug|Any CPU.Build.0 = Debug|Any CPU
		{8D6E3769-5E23-4B61-90EF-D8BD92FF0279}.Release|Any CPU.ActiveCfg = Release|Any CPU
		{8D6E3769-5E23-4B61-90EF-D8BD92FF0279}.Release|Any CPU.Build.0 = Release|Any CPU
	EndGlobalSection
	GlobalSection(SolutionProperties) = preSolution
		HideSolutionNode = FALSE
	EndGlobalSection
	GlobalSection(ExtensibilityGlobals) = postSolution
		SolutionGuid = {3D70F34B-B352-48D2-AA32-EC5349125651}
	EndGlobalSection
EndGlobal
